
Microsoft Visual Studio Solution File, Format Version 12.00
# Visual Studio Version 16
VisualStudioVersion = 16.0.29326.143
MinimumVisualStudioVersion = 10.0.40219.1
Project("{9A19103F-16F7-4668-BE54-9A1E7A4F7556}") = "HackerNews", "HackerNews\HackerNews.csproj", "{CD3839F8-793C-463C-9011-D3CBA9A8ABA6}"
EndProject
Global
	GlobalSection(SolutionConfigurationPlatforms) = preSolution
		Debug|Any CPU = Debug|Any CPU
		Release|Any CPU = Release|Any CPU
	EndGlobalSection
	GlobalSection(ProjectConfigurationPlatforms) = postSolution
		{CD3839F8-793C-463C-9011-D3CBA9A8ABA6}.Debug|Any CPU.ActiveCfg = Debug|Any CPU
		{CD3839F8-793C-463C-9011-D3CBA9A8ABA6}.Debug|Any CPU.Build.0 = Debug|Any CPU
		{CD3839F8-793C-463C-9011-D3CBA9A8ABA6}.Release|Any CPU.ActiveCfg = Release|Any CPU
		{CD3839F8-793C-463C-9011-D3CBA9A8ABA6}.Release|Any CPU.Build.0 = Release|Any CPU
	EndGlobalSection
	GlobalSection(SolutionProperties) = preSolution
		HideSolutionNode = FALSE
	EndGlobalSection
	GlobalSection(ExtensibilityGlobals) = postSolution
		SolutionGuid = {918FC3BE-9E99-4DDF-AFEB-ED272F1C8651}
	EndGlobalSection
EndGlobal
